
Microsoft Visual Studio Solution File, Format Version 12.00
# Visual Studio Version 17
VisualStudioVersion = 17.7.34031.279
MinimumVisualStudioVersion = 10.0.40219.1
Project("{FAE04EC0-301F-11D3-BF4B-00C04F79EFBC}") = "Not_Defteri", "Not_Defteri\Not_Defteri.csproj", "{A222D7E6-A654-448E-B6F3-63C14087173B}"
EndProject
Project("{54435603-DBB4-11D2-8724-00A0C9A8B90C}") = "Not Defteri Setup", "Not Defteri Setup\Not Defteri Setup.vdproj", "{732FE04B-B013-4C7F-8469-060704BF62ED}"
EndProject
Global
	GlobalSection(SolutionConfigurationPlatforms) = preSolution
		Debug|Any CPU = Debug|Any CPU
		Release|Any CPU = Release|Any CPU
	EndGlobalSection
	GlobalSection(ProjectConfigurationPlatforms) = postSolution
		{A222D7E6-A654-448E-B6F3-63C14087173B}.Debug|Any CPU.ActiveCfg = Debug|Any CPU
		{A222D7E6-A654-448E-B6F3-63C14087173B}.Debug|Any CPU.Build.0 = Debug|Any CPU
		{A222D7E6-A654-448E-B6F3-63C14087173B}.Release|Any CPU.ActiveCfg = Release|Any CPU
		{A222D7E6-A654-448E-B6F3-63C14087173B}.Release|Any CPU.Build.0 = Release|Any CPU
		{732FE04B-B013-4C7F-8469-060704BF62ED}.Debug|Any CPU.ActiveCfg = Debug
		{732FE04B-B013-4C7F-8469-060704BF62ED}.Release|Any CPU.ActiveCfg = Release
	EndGlobalSection
	GlobalSection(SolutionProperties) = preSolution
		HideSolutionNode = FALSE
	EndGlobalSection
	GlobalSection(ExtensibilityGlobals) = postSolution
		SolutionGuid = {A4FA8565-CF71-41B0-90B2-4DAF51D6CEF6}
	EndGlobalSection
EndGlobal
